
Microsoft Visual Studio Solution File, Format Version 12.00
# Visual Studio Version 17
VisualStudioVersion = 17.1.31911.260
MinimumVisualStudioVersion = 10.0.40219.1
Project("{FAE04EC0-301F-11D3-BF4B-00C04F79EFBC}") = "TestSharp", "TestSharp\TestSharp.csproj", "{07659949-B439-4D2F-8608-ACDEBBA3444A}"
EndProject
Project("{FAE04EC0-301F-11D3-BF4B-00C04F79EFBC}") = "MU3Input", "MU3Input\MU3Input.csproj", "{A90797A6-C546-4233-A183-453AF52319D0}"
EndProject
Global
	GlobalSection(SolutionConfigurationPlatforms) = preSolution
		Debug|Any CPU = Debug|Any CPU
		Debug|x64 = Debug|x64
		Release|Any CPU = Release|Any CPU
		Release|x64 = Release|x64
	EndGlobalSection
	GlobalSection(ProjectConfigurationPlatforms) = postSolution
		{07659949-B439-4D2F-8608-ACDEBBA3444A}.Debug|Any CPU.ActiveCfg = Debug|Any CPU
		{07659949-B439-4D2F-8608-ACDEBBA3444A}.Debug|Any CPU.Build.0 = Debug|Any CPU
		{07659949-B439-4D2F-8608-ACDEBBA3444A}.Debug|x64.ActiveCfg = Debug|x64
		{07659949-B439-4D2F-8608-ACDEBBA3444A}.Debug|x64.Build.0 = Debug|x64
		{07659949-B439-4D2F-8608-ACDEBBA3444A}.Release|Any CPU.ActiveCfg = Release|Any CPU
		{07659949-B439-4D2F-8608-ACDEBBA3444A}.Release|Any CPU.Build.0 = Release|Any CPU
		{07659949-B439-4D2F-8608-ACDEBBA3444A}.Release|x64.ActiveCfg = Release|x64
		{07659949-B439-4D2F-8608-ACDEBBA3444A}.Release|x64.Build.0 = Release|x64
		{A90797A6-C546-4233-A183-453AF52319D0}.Debug|Any CPU.ActiveCfg = Debug|Any CPU
		{A90797A6-C546-4233-A183-453AF52319D0}.Debug|Any CPU.Build.0 = Debug|Any CPU
		{A90797A6-C546-4233-A183-453AF52319D0}.Debug|x64.ActiveCfg = Debug|x64
		{A90797A6-C546-4233-A183-453AF52319D0}.Debug|x64.Build.0 = Debug|x64
		{A90797A6-C546-4233-A183-453AF52319D0}.Release|Any CPU.ActiveCfg = Release|x64
		{A90797A6-C546-4233-A183-453AF52319D0}.Release|Any CPU.Build.0 = Release|x64
		{A90797A6-C546-4233-A183-453AF52319D0}.Release|x64.ActiveCfg = Release|x64
		{A90797A6-C546-4233-A183-453AF52319D0}.Release|x64.Build.0 = Release|x64
	EndGlobalSection
	GlobalSection(SolutionProperties) = preSolution
		HideSolutionNode = FALSE
	EndGlobalSection
	GlobalSection(ExtensibilityGlobals) = postSolution
		SolutionGuid = {6671AB3E-3857-4E77-8258-F50F9C854AE4}
	EndGlobalSection
EndGlobal
